
Microsoft Visual Studio Solution File, Format Version 12.00
# Visual Studio Version 17
VisualStudioVersion = 17.4.33213.308
MinimumVisualStudioVersion = 10.0.40219.1
Project("{FAE04EC0-301F-11D3-BF4B-00C04F79EFBC}") = "Projekt_TAI_API", "Projekt_TAI_API\Projekt_TAI_API.csproj", "{CC9C235A-F9A0-4F57-A6D4-AFD0B82AF972}"
EndProject
Global
	GlobalSection(SolutionConfigurationPlatforms) = preSolution
		Debug|Any CPU = Debug|Any CPU
		Release|Any CPU = Release|Any CPU
	EndGlobalSection
	GlobalSection(ProjectConfigurationPlatforms) = postSolution
		{CC9C235A-F9A0-4F57-A6D4-AFD0B82AF972}.Debug|Any CPU.ActiveCfg = Debug|Any CPU
		{CC9C235A-F9A0-4F57-A6D4-AFD0B82AF972}.Debug|Any CPU.Build.0 = Debug|Any CPU
		{CC9C235A-F9A0-4F57-A6D4-AFD0B82AF972}.Release|Any CPU.ActiveCfg = Release|Any CPU
		{CC9C235A-F9A0-4F57-A6D4-AFD0B82AF972}.Release|Any CPU.Build.0 = Release|Any CPU
	EndGlobalSection
	GlobalSection(SolutionProperties) = preSolution
		HideSolutionNode = FALSE
	EndGlobalSection
	GlobalSection(ExtensibilityGlobals) = postSolution
		SolutionGuid = {CB813EF0-EF5A-4D3F-B853-0D2DBEB98B44}
	EndGlobalSection
EndGlobal
